{
  "requires": true,
  "lockfileVersion": 1,
  "dependencies": {
    "audio-visualiser": {
      "version": "1.0.7",
      "resolved": "https://registry.npmjs.org/audio-visualiser/-/audio-visualiser-1.0.7.tgz",
      "integrity": "sha512-/jtVVZmf77hWUlLZ4QuBBjnwws0aSf3HLsr/uNnC6yLDqAU1yysI4+Wg3bOC679fcRhFW/hEbpNOQyXKbdFLKA=="
    }
  }
}
